
Microsoft Visual Studio Solution File, Format Version 12.00
# Visual Studio Version 17
VisualStudioVersion = 17.0.31903.59
MinimumVisualStudioVersion = 10.0.40219.1
Project("{FAE04EC0-301F-11D3-BF4B-00C04F79EFBC}") = "KomunikatorAI", "KomunikatorAI\KomunikatorAI.csproj", "{C5F16F7C-CCB0-4BAE-8B5A-66FA0364CD66}"
EndProject
Project("{54435603-DBB4-11D2-8724-00A0C9A8B90C}") = "KomunikatorAICore", "KomunikatorAICore\KomunikatorAICore.vdproj", "{8D4EA278-73EE-4249-9E8E-D78396E095D5}"
EndProject
Global
	GlobalSection(SolutionConfigurationPlatforms) = preSolution
		Debug|Any CPU = Debug|Any CPU
		Release|Any CPU = Release|Any CPU
	EndGlobalSection
	GlobalSection(ProjectConfigurationPlatforms) = postSolution
		{C5F16F7C-CCB0-4BAE-8B5A-66FA0364CD66}.Debug|Any CPU.ActiveCfg = Debug|Any CPU
		{C5F16F7C-CCB0-4BAE-8B5A-66FA0364CD66}.Debug|Any CPU.Build.0 = Debug|Any CPU
		{C5F16F7C-CCB0-4BAE-8B5A-66FA0364CD66}.Release|Any CPU.ActiveCfg = Release|Any CPU
		{C5F16F7C-CCB0-4BAE-8B5A-66FA0364CD66}.Release|Any CPU.Build.0 = Release|Any CPU
		{8D4EA278-73EE-4249-9E8E-D78396E095D5}.Debug|Any CPU.ActiveCfg = Debug
		{8D4EA278-73EE-4249-9E8E-D78396E095D5}.Release|Any CPU.ActiveCfg = Release
	EndGlobalSection
	GlobalSection(SolutionProperties) = preSolution
		HideSolutionNode = FALSE
	EndGlobalSection
	GlobalSection(ExtensibilityGlobals) = postSolution
		SolutionGuid = {E5D25F97-28ED-46EF-A7BF-72A934DB1B6D}
	EndGlobalSection
EndGlobal
